
Microsoft Visual Studio Solution File, Format Version 12.00
# Visual Studio 15
VisualStudioVersion = 15.0.26124.0
MinimumVisualStudioVersion = 15.0.26124.0
Project("{2150E333-8FDC-42A3-9474-1A3956D46DE8}") = "1 - Application", "1 - Application", "{A94F6240-51A0-11E9-B459-699D79FF1A96}"
EndProject
Project("{2150E333-8FDC-42A3-9474-1A3956D46DE8}") = "2 - Domain", "2 - Domain", "{B8F964C0-51A0-11E9-B459-699D79FF1A96}"
EndProject
Project("{2150E333-8FDC-42A3-9474-1A3956D46DE8}") = "3 - Service", "3 - Service", "{BD8D44C0-51A0-11E9-B459-699D79FF1A96}"
EndProject
Project("{2150E333-8FDC-42A3-9474-1A3956D46DE8}") = "4 - Infra", "4 - Infra", "{C1E55440-51A0-11E9-B459-699D79FF1A96}"
EndProject
Project("{2150E333-8FDC-42A3-9474-1A3956D46DE8}") = "4.1 - Data", "4.1 - Data", "{C6FD0A40-51A0-11E9-B459-699D79FF1A96}"
EndProject
Project("{2150E333-8FDC-42A3-9474-1A3956D46DE8}") = "4.2 - CrossCutting", "4.2 - CrossCutting", "{CF8C33C0-51A0-11E9-B459-699D79FF1A96}"
EndProject
Project("{9A19103F-16F7-4668-BE54-9A1E7A4F7556}") = "ddd.Application", "1 - Application\ddd.Application.csproj", "{1F1268C3-38EA-4356-947F-6A6CC353B9A8}"
EndProject
Project("{9A19103F-16F7-4668-BE54-9A1E7A4F7556}") = "ddd.Domain", "2 - Domain\ddd.Domain.csproj", "{6C7A42B9-D01B-454C-90CE-95ED40A1FE55}"
EndProject
Project("{9A19103F-16F7-4668-BE54-9A1E7A4F7556}") = "ddd.Service", "3 - Service\ddd.Service.csproj", "{C4CF4D6D-D0ED-46E8-BF24-B8BC041F2496}"
EndProject
Project("{9A19103F-16F7-4668-BE54-9A1E7A4F7556}") = "ddd.Infra.Data", "4 - Infra\4.1 - Data\ddd.Infra.Data.csproj", "{AB42F444-A34D-478A-B5A7-7BDBC957EDB2}"
EndProject
Project("{9A19103F-16F7-4668-BE54-9A1E7A4F7556}") = "ddd.Infra.CrossCutting", "4 - Infra\4.2 - CrossCutting\ddd.Infra.CrossCutting.csproj", "{16322AE4-6736-4715-A402-195D2F370417}"
EndProject
Project("{9A19103F-16F7-4668-BE54-9A1E7A4F7556}") = "ddd.Notification", "5 - Notification\ddd.Notification.csproj", "{6195DC8F-E7C7-41AB-9E94-BFCAAD49E26A}"
EndProject
Project("{2150E333-8FDC-42A3-9474-1A3956D46DE8}") = "5 - Notification", "5 - Notification", "{73C22CD0-613F-11E9-85F6-053318121510}"
EndProject
Project("{9A19103F-16F7-4668-BE54-9A1E7A4F7556}") = "ddd.Authentication", "6 - Authentication\ddd.Authentication.csproj", "{6CA6482E-A312-4449-B4F9-9EEEDA3F3A76}"
EndProject
Project("{2150E333-8FDC-42A3-9474-1A3956D46DE8}") = "6 - Authentication", "6 - Authentication", "{B496B3C0-613F-11E9-85F6-053318121510}"
EndProject
Project("{2150E333-8FDC-42A3-9474-1A3956D46DE8}") = "0 - View", "0 - View", "{51BC0AB0-6140-11E9-85F6-053318121510}"
EndProject
Global
	GlobalSection(SolutionConfigurationPlatforms) = preSolution
		Debug|Any CPU = Debug|Any CPU
		Debug|x64 = Debug|x64
		Debug|x86 = Debug|x86
		Release|Any CPU = Release|Any CPU
		Release|x64 = Release|x64
		Release|x86 = Release|x86
	EndGlobalSection
	GlobalSection(ProjectConfigurationPlatforms) = postSolution
		{1F1268C3-38EA-4356-947F-6A6CC353B9A8}.Debug|Any CPU.ActiveCfg = Debug|Any CPU
		{1F1268C3-38EA-4356-947F-6A6CC353B9A8}.Debug|Any CPU.Build.0 = Debug|Any CPU
		{1F1268C3-38EA-4356-947F-6A6CC353B9A8}.Debug|x64.ActiveCfg = Debug|Any CPU
		{1F1268C3-38EA-4356-947F-6A6CC353B9A8}.Debug|x64.Build.0 = Debug|Any CPU
		{1F1268C3-38EA-4356-947F-6A6CC353B9A8}.Debug|x86.ActiveCfg = Debug|Any CPU
		{1F1268C3-38EA-4356-947F-6A6CC353B9A8}.Debug|x86.Build.0 = Debug|Any CPU
		{1F1268C3-38EA-4356-947F-6A6CC353B9A8}.Release|Any CPU.ActiveCfg = Release|Any CPU
		{1F1268C3-38EA-4356-947F-6A6CC353B9A8}.Release|Any CPU.Build.0 = Release|Any CPU
		{1F1268C3-38EA-4356-947F-6A6CC353B9A8}.Release|x64.ActiveCfg = Release|Any CPU
		{1F1268C3-38EA-4356-947F-6A6CC353B9A8}.Release|x64.Build.0 = Release|Any CPU
		{1F1268C3-38EA-4356-947F-6A6CC353B9A8}.Release|x86.ActiveCfg = Release|Any CPU
		{1F1268C3-38EA-4356-947F-6A6CC353B9A8}.Release|x86.Build.0 = Release|Any CPU
		{6C7A42B9-D01B-454C-90CE-95ED40A1FE55}.Debug|Any CPU.ActiveCfg = Debug|Any CPU
		{6C7A42B9-D01B-454C-90CE-95ED40A1FE55}.Debug|Any CPU.Build.0 = Debug|Any CPU
		{6C7A42B9-D01B-454C-90CE-95ED40A1FE55}.Debug|x64.ActiveCfg = Debug|Any CPU
		{6C7A42B9-D01B-454C-90CE-95ED40A1FE55}.Debug|x64.Build.0 = Debug|Any CPU
		{6C7A42B9-D01B-454C-90CE-95ED40A1FE55}.Debug|x86.ActiveCfg = Debug|Any CPU
		{6C7A42B9-D01B-454C-90CE-95ED40A1FE55}.Debug|x86.Build.0 = Debug|Any CPU
		{6C7A42B9-D01B-454C-90CE-95ED40A1FE55}.Release|Any CPU.ActiveCfg = Release|Any CPU
		{6C7A42B9-D01B-454C-90CE-95ED40A1FE55}.Release|Any CPU.Build.0 = Release|Any CPU
		{6C7A42B9-D01B-454C-90CE-95ED40A1FE55}.Release|x64.ActiveCfg = Release|Any CPU
		{6C7A42B9-D01B-454C-90CE-95ED40A1FE55}.Release|x64.Build.0 = Release|Any CPU
		{6C7A42B9-D01B-454C-90CE-95ED40A1FE55}.Release|x86.ActiveCfg = Release|Any CPU
		{6C7A42B9-D01B-454C-90CE-95ED40A1FE55}.Release|x86.Build.0 = Release|Any CPU
		{C4CF4D6D-D0ED-46E8-BF24-B8BC041F2496}.Debug|Any CPU.ActiveCfg = Debug|Any CPU
		{C4CF4D6D-D0ED-46E8-BF24-B8BC041F2496}.Debug|Any CPU.Build.0 = Debug|Any CPU
		{C4CF4D6D-D0ED-46E8-BF24-B8BC041F2496}.Debug|x64.ActiveCfg = Debug|Any CPU
		{C4CF4D6D-D0ED-46E8-BF24-B8BC041F2496}.Debug|x64.Build.0 = Debug|Any CPU
		{C4CF4D6D-D0ED-46E8-BF24-B8BC041F2496}.Debug|x86.ActiveCfg = Debug|Any CPU
		{C4CF4D6D-D0ED-46E8-BF24-B8BC041F2496}.Debug|x86.Build.0 = Debug|Any CPU
		{C4CF4D6D-D0ED-46E8-BF24-B8BC041F2496}.Release|Any CPU.ActiveCfg = Release|Any CPU
		{C4CF4D6D-D0ED-46E8-BF24-B8BC041F2496}.Release|Any CPU.Build.0 = Release|Any CPU
		{C4CF4D6D-D0ED-46E8-BF24-B8BC041F2496}.Release|x64.ActiveCfg = Release|Any CPU
		{C4CF4D6D-D0ED-46E8-BF24-B8BC041F2496}.Release|x64.Build.0 = Release|Any CPU
		{C4CF4D6D-D0ED-46E8-BF24-B8BC041F2496}.Release|x86.ActiveCfg = Release|Any CPU
		{C4CF4D6D-D0ED-46E8-BF24-B8BC041F2496}.Release|x86.Build.0 = Release|Any CPU
		{AB42F444-A34D-478A-B5A7-7BDBC957EDB2}.Debug|Any CPU.ActiveCfg = Debug|Any CPU
		{AB42F444-A34D-478A-B5A7-7BDBC957EDB2}.Debug|Any CPU.Build.0 = Debug|Any CPU
		{AB42F444-A34D-478A-B5A7-7BDBC957EDB2}.Debug|x64.ActiveCfg = Debug|Any CPU
		{AB42F444-A34D-478A-B5A7-7BDBC957EDB2}.Debug|x64.Build.0 = Debug|Any CPU
		{AB42F444-A34D-478A-B5A7-7BDBC957EDB2}.Debug|x86.ActiveCfg = Debug|Any CPU
		{AB42F444-A34D-478A-B5A7-7BDBC957EDB2}.Debug|x86.Build.0 = Debug|Any CPU
		{AB42F444-A34D-478A-B5A7-7BDBC957EDB2}.Release|Any CPU.ActiveCfg = Release|Any CPU
		{AB42F444-A34D-478A-B5A7-7BDBC957EDB2}.Release|Any CPU.Build.0 = Release|Any CPU
		{AB42F444-A34D-478A-B5A7-7BDBC957EDB2}.Release|x64.ActiveCfg = Release|Any CPU
		{AB42F444-A34D-478A-B5A7-7BDBC957EDB2}.Release|x64.Build.0 = Release|Any CPU
		{AB42F444-A34D-478A-B5A7-7BDBC957EDB2}.Release|x86.ActiveCfg = Release|Any CPU
		{AB42F444-A34D-478A-B5A7-7BDBC957EDB2}.Release|x86.Build.0 = Release|Any CPU
		{16322AE4-6736-4715-A402-195D2F370417}.Debug|Any CPU.ActiveCfg = Debug|Any CPU
		{16322AE4-6736-4715-A402-195D2F370417}.Debug|Any CPU.Build.0 = Debug|Any CPU
		{16322AE4-6736-4715-A402-195D2F370417}.Debug|x64.ActiveCfg = Debug|Any CPU
		{16322AE4-6736-4715-A402-195D2F370417}.Debug|x64.Build.0 = Debug|Any CPU
		{16322AE4-6736-4715-A402-195D2F370417}.Debug|x86.ActiveCfg = Debug|Any CPU
		{16322AE4-6736-4715-A402-195D2F370417}.Debug|x86.Build.0 = Debug|Any CPU
		{16322AE4-6736-4715-A402-195D2F370417}.Release|Any CPU.ActiveCfg = Release|Any CPU
		{16322AE4-6736-4715-A402-195D2F370417}.Release|Any CPU.Build.0 = Release|Any CPU
		{16322AE4-6736-4715-A402-195D2F370417}.Release|x64.ActiveCfg = Release|Any CPU
		{16322AE4-6736-4715-A402-195D2F370417}.Release|x64.Build.0 = Release|Any CPU
		{16322AE4-6736-4715-A402-195D2F370417}.Release|x86.ActiveCfg = Release|Any CPU
		{16322AE4-6736-4715-A402-195D2F370417}.Release|x86.Build.0 = Release|Any CPU
		{6195DC8F-E7C7-41AB-9E94-BFCAAD49E26A}.Debug|Any CPU.ActiveCfg = Debug|Any CPU
		{6195DC8F-E7C7-41AB-9E94-BFCAAD49E26A}.Debug|Any CPU.Build.0 = Debug|Any CPU
		{6195DC8F-E7C7-41AB-9E94-BFCAAD49E26A}.Debug|x64.ActiveCfg = Debug|Any CPU
		{6195DC8F-E7C7-41AB-9E94-BFCAAD49E26A}.Debug|x64.Build.0 = Debug|Any CPU
		{6195DC8F-E7C7-41AB-9E94-BFCAAD49E26A}.Debug|x86.ActiveCfg = Debug|Any CPU
		{6195DC8F-E7C7-41AB-9E94-BFCAAD49E26A}.Debug|x86.Build.0 = Debug|Any CPU
		{6195DC8F-E7C7-41AB-9E94-BFCAAD49E26A}.Release|Any CPU.ActiveCfg = Release|Any CPU
		{6195DC8F-E7C7-41AB-9E94-BFCAAD49E26A}.Release|Any CPU.Build.0 = Release|Any CPU
		{6195DC8F-E7C7-41AB-9E94-BFCAAD49E26A}.Release|x64.ActiveCfg = Release|Any CPU
		{6195DC8F-E7C7-41AB-9E94-BFCAAD49E26A}.Release|x64.Build.0 = Release|Any CPU
		{6195DC8F-E7C7-41AB-9E94-BFCAAD49E26A}.Release|x86.ActiveCfg = Release|Any CPU
		{6195DC8F-E7C7-41AB-9E94-BFCAAD49E26A}.Release|x86.Build.0 = Release|Any CPU
		{6CA6482E-A312-4449-B4F9-9EEEDA3F3A76}.Debug|Any CPU.ActiveCfg = Debug|Any CPU
		{6CA6482E-A312-4449-B4F9-9EEEDA3F3A76}.Debug|Any CPU.Build.0 = Debug|Any CPU
		{6CA6482E-A312-4449-B4F9-9EEEDA3F3A76}.Debug|x64.ActiveCfg = Debug|Any CPU
		{6CA6482E-A312-4449-B4F9-9EEEDA3F3A76}.Debug|x64.Build.0 = Debug|Any CPU
		{6CA6482E-A312-4449-B4F9-9EEEDA3F3A76}.Debug|x86.ActiveCfg = Debug|Any CPU
		{6CA6482E-A312-4449-B4F9-9EEEDA3F3A76}.Debug|x86.Build.0 = Debug|Any CPU
		{6CA6482E-A312-4449-B4F9-9EEEDA3F3A76}.Release|Any CPU.ActiveCfg = Release|Any CPU
		{6CA6482E-A312-4449-B4F9-9EEEDA3F3A76}.Release|Any CPU.Build.0 = Release|Any CPU
		{6CA6482E-A312-4449-B4F9-9EEEDA3F3A76}.Release|x64.ActiveCfg = Release|Any CPU
		{6CA6482E-A312-4449-B4F9-9EEEDA3F3A76}.Release|x64.Build.0 = Release|Any CPU
		{6CA6482E-A312-4449-B4F9-9EEEDA3F3A76}.Release|x86.ActiveCfg = Release|Any CPU
		{6CA6482E-A312-4449-B4F9-9EEEDA3F3A76}.Release|x86.Build.0 = Release|Any CPU
	EndGlobalSection
	GlobalSection(SolutionProperties) = preSolution
		HideSolutionNode = FALSE
	EndGlobalSection
	GlobalSection(NestedProjects) = preSolution
		{C6FD0A40-51A0-11E9-B459-699D79FF1A96} = {C1E55440-51A0-11E9-B459-699D79FF1A96}
		{CF8C33C0-51A0-11E9-B459-699D79FF1A96} = {C1E55440-51A0-11E9-B459-699D79FF1A96}
		{1F1268C3-38EA-4356-947F-6A6CC353B9A8} = {A94F6240-51A0-11E9-B459-699D79FF1A96}
		{6C7A42B9-D01B-454C-90CE-95ED40A1FE55} = {B8F964C0-51A0-11E9-B459-699D79FF1A96}
		{C4CF4D6D-D0ED-46E8-BF24-B8BC041F2496} = {BD8D44C0-51A0-11E9-B459-699D79FF1A96}
		{AB42F444-A34D-478A-B5A7-7BDBC957EDB2} = {C6FD0A40-51A0-11E9-B459-699D79FF1A96}
		{16322AE4-6736-4715-A402-195D2F370417} = {CF8C33C0-51A0-11E9-B459-699D79FF1A96}
		{6195DC8F-E7C7-41AB-9E94-BFCAAD49E26A} = {73C22CD0-613F-11E9-85F6-053318121510}
		{6CA6482E-A312-4449-B4F9-9EEEDA3F3A76} = {B496B3C0-613F-11E9-85F6-053318121510}
	EndGlobalSection
	GlobalSection(ExtensibilityGlobals) = postSolution
		SolutionGuid = {E946380D-F95E-4718-BAA2-BBEAB7CC3D68}
	EndGlobalSection
EndGlobal
